// !$*UTF8*$!
{
	archiveVersion = 1;
	classes = {
	};
	objectVersion = 50;
	objects = {

/* Begin PBXBuildFile section */
		67CB821622EADDBC00223C18 /* AppDelegate.swift in Sources */ = {isa = PBXBuildFile; fileRef = 67CB821522EADDBC00223C18 /* AppDelegate.swift */; };
		67CB821822EADDBD00223C18 /* ViewController.swift in Sources */ = {isa = PBXBuildFile; fileRef = 67CB821722EADDBD00223C18 /* ViewController.swift */; };
		67CB821B22EADDBD00223C18 /* Main.storyboard in Resources */ = {isa = PBXBuildFile; fileRef = 67CB821922EADDBD00223C18 /* Main.storyboard */; };
		67CB821D22EADDBE00223C18 /* Assets.xcassets in Resources */ = {isa = PBXBuildFile; fileRef = 67CB821C22EADDBE00223C18 /* Assets.xcassets */; };
		67CB822022EADDBE00223C18 /* LaunchScreen.storyboard in Resources */ = {isa = PBXBuildFile; fileRef = 67CB821E22EADDBE00223C18 /* LaunchScreen.storyboard */; };
		67CB822B22EADDBE00223C18 /* FlappyTests.swift in Sources */ = {isa = PBXBuildFile; fileRef = 67CB822A22EADDBE00223C18 /* FlappyTests.swift */; };
		67CB823622EADEE500223C18 /* BirdView.swift in Sources */ = {isa = PBXBuildFile; fileRef = 67CB823522EADEE500223C18 /* BirdView.swift */; };
/* End PBXBuildFile section */

/* Begin PBXContainerItemProxy section */
		67CB822722EADDBE00223C18 /* PBXContainerItemProxy */ = {
			isa = PBXContainerItemProxy;
			containerPortal = 67CB820A22EADDBC00223C18 /* Project object */;
			proxyType = 1;
			remoteGlobalIDString = 67CB821122EADDBC00223C18;
			remoteInfo = Flappy;
		};
/* End PBXContainerItemProxy section */

/* Begin PBXFileReference section */
		67CB821222EADDBC00223C18 /* Flappy.app */ = {isa = PBXFileReference; explicitFileType = wrapper.application; includeInIndex = 0; path = Flappy.app; sourceTree = BUILT_PRODUCTS_DIR; };
		67CB821522EADDBC00223C18 /* AppDelegate.swift */ = {isa = PBXFileReference; lastKnownFileType = sourcecode.swift; path = AppDelegate.swift; sourceTree = "<group>"; };
		67CB821722EADDBD00223C18 /* ViewController.swift */ = {isa = PBXFileReference; lastKnownFileType = sourcecode.swift; path = ViewController.swift; sourceTree = "<group>"; };
		67CB821A22EADDBD00223C18 /* Base */ = {isa = PBXFileReference; lastKnownFileType = file.storyboard; name = Base; path = Base.lproj/Main.storyboard; sourceTree = "<group>"; };
		67CB821C22EADDBE00223C18 /* Assets.xcassets */ = {isa = PBXFileReference; lastKnownFileType = folder.assetcatalog; path = Assets.xcassets; sourceTree = "<group>"; };
		67CB821F22EADDBE00223C18 /* Base */ = {isa = PBXFileReference; lastKnownFileType = file.storyboard; name = Base; path = Base.lproj/LaunchScreen.storyboard; sourceTree = "<group>"; };
		67CB822122EADDBE00223C18 /* Info.plist */ = {isa = PBXFileReference; lastKnownFileType = text.plist.xml; path = Info.plist; sourceTree = "<group>"; };
		67CB822622EADDBE00223C18 /* FlappyTests.xctest */ = {isa = PBXFileReference; explicitFileType = wrapper.cfbundle; includeInIndex = 0; path = FlappyTests.xctest; sourceTree = BUILT_PRODUCTS_DIR; };
		67CB822A22EADDBE00223C18 /* FlappyTests.swift */ = {isa = PBXFileReference; lastKnownFileType = sourcecode.swift; path = FlappyTests.swift; sourceTree = "<group>"; };
		67CB822C22EADDBE00223C18 /* Info.plist */ = {isa = PBXFileReference; lastKnownFileType = text.plist.xml; path = Info.plist; sourceTree = "<group>"; };
		67CB823522EADEE500223C18 /* BirdView.swift */ = {isa = PBXFileReference; lastKnownFileType = sourcecode.swift; path = BirdView.swift; sourceTree = "<group>"; };
/* End PBXFileReference section */

/* Begin PBXFrameworksBuildPhase section */
		67CB820F22EADDBC00223C18 /* Frameworks */ = {
			isa = PBXFrameworksBuildPhase;
			buildActionMask = 2147483647;
			files = (
			);
			runOnlyForDeploymentPostprocessing = 0;
		};
		67CB822322EADDBE00223C18 /* Frameworks */ = {
			isa = PBXFrameworksBuildPhase;
			buildActionMask = 2147483647;
			files = (
			);
			runOnlyForDeploymentPostprocessing = 0;
		};
/* End PBXFrameworksBuildPhase section */

/* Begin PBXGroup section */
		67CB820922EADDBC00223C18 = {
			isa = PBXGroup;
			children = (
				67CB821422EADDBC00223C18 /* Flappy */,
				67CB822922EADDBE00223C18 /* FlappyTests */,
				67CB821322EADDBC00223C18 /* Products */,
			);
			sourceTree = "<group>";
		};
		67CB821322EADDBC00223C18 /* Products */ = {
			isa = PBXGroup;
			children = (
				67CB821222EADDBC00223C18 /* Flappy.app */,
				67CB822622EADDBE00223C18 /* FlappyTests.xctest */,
			);
			name = Products;
			sourceTree = "<group>";
		};
		67CB821422EADDBC00223C18 /* Flappy */ = {
			isa = PBXGroup;
			children = (
				67CB821522EADDBC00223C18 /* AppDelegate.swift */,
				67CB821722EADDBD00223C18 /* ViewController.swift */,
				67CB821922EADDBD00223C18 /* Main.storyboard */,
				67CB821C22EADDBE00223C18 /* Assets.xcassets */,
				67CB823522EADEE500223C18 /* BirdView.swift */,
				67CB821E22EADDBE00223C18 /* LaunchScreen.storyboard */,
				67CB822122EADDBE00223C18 /* Info.plist */,
			);
			path = Flappy;
			sourceTree = "<group>";
		};
		67CB822922EADDBE00223C18 /* FlappyTests */ = {
			isa = PBXGroup;
			children = (
				67CB822A22EADDBE00223C18 /* FlappyTests.swift */,
				67CB822C22EADDBE00223C18 /* Info.plist */,
			);
			path = FlappyTests;
			sourceTree = "<group>";
		};
/* End PBXGroup section */

/* Begin PBXNativeTarget section */
		67CB821122EADDBC00223C18 /* Flappy */ = {
			isa = PBXNativeTarget;
			buildConfigurationList = 67CB822F22EADDBE00223C18 /* Build configuration list for PBXNativeTarget "Flappy" */;
			buildPhases = (
				67CB820E22EADDBC00223C18 /* Sources */,
				67CB820F22EADDBC00223C18 /* Frameworks */,
				67CB821022EADDBC00223C18 /* Resources */,
			);
			buildRules = (
			);
			dependencies = (
			);
			name = Flappy;
			productName = Flappy;
			productReference = 67CB821222EADDBC00223C18 /* Flappy.app */;
			productType = "com.apple.product-type.application";
		};
		67CB822522EADDBE00223C18 /* FlappyTests */ = {
			isa = PBXNativeTarget;
			buildConfigurationList = 67CB823222EADDBE00223C18 /* Build configuration list for PBXNativeTarget "FlappyTests" */;
			buildPhases = (
				67CB822222EADDBE00223C18 /* Sources */,
				67CB822322EADDBE00223C18 /* Frameworks */,
				67CB822422EADDBE00223C18 /* Resources */,
			);
			buildRules = (
			);
			dependencies = (
				67CB822822EADDBE00223C18 /* PBXTargetDependency */,
			);
			name = FlappyTests;
			productName = FlappyTests;
			productReference = 67CB822622EADDBE00223C18 /* FlappyTests.xctest */;
			productType = "com.apple.product-type.bundle.unit-test";
		};
/* End PBXNativeTarget section */

/* Begin PBXProject section */
		67CB820A22EADDBC00223C18 /* Project object */ = {
			isa = PBXProject;
			attributes = {
				LastSwiftUpdateCheck = 1030;
				LastUpgradeCheck = 1030;
				ORGANIZATIONNAME = "Chang Chan Woo";
				TargetAttributes = {
					67CB821122EADDBC00223C18 = {
						CreatedOnToolsVersion = 10.3;
					};
					67CB822522EADDBE00223C18 = {
						CreatedOnToolsVersion = 10.3;
						TestTargetID = 67CB821122EADDBC00223C18;
					};
				};
			};
			buildConfigurationList = 67CB820D22EADDBC00223C18 /* Build configuration list for PBXProject "Flappy" */;
			compatibilityVersion = "Xcode 9.3";
			developmentRegion = en;
			hasScannedForEncodings = 0;
			knownRegions = (
				en,
				Base,
			);
			mainGroup = 67CB820922EADDBC00223C18;
			productRefGroup = 67CB821322EADDBC00223C18 /* Products */;
			projectDirPath = "";
			projectRoot = "";
			targets = (
				67CB821122EADDBC00223C18 /* Flappy */,
				67CB822522EADDBE00223C18 /* FlappyTests */,
			);
		};
/* End PBXProject section */

/* Begin PBXResourcesBuildPhase section */
		67CB821022EADDBC00223C18 /* Resources */ = {
			isa = PBXResourcesBuildPhase;
			buildActionMask = 2147483647;
			files = (
				67CB822022EADDBE00223C18 /* LaunchScreen.storyboard in Resources */,
				67CB821D22EADDBE00223C18 /* Assets.xcassets in Resources */,
				67CB821B22EADDBD00223C18 /* Main.storyboard in Resources */,
			);
			runOnlyForDeploymentPostprocessing = 0;
		};
		67CB822422EADDBE00223C18 /* Resources */ = {
			isa = PBXResourcesBuildPhase;
			buildActionMask = 2147483647;
			files = (
			);
			runOnlyForDeploymentPostprocessing = 0;
		};
/* End PBXResourcesBuildPhase section */

/* Begin PBXSourcesBuildPhase section */
		67CB820E22EADDBC00223C18 /* Sources */ = {
			isa = PBXSourcesBuildPhase;
			buildActionMask = 2147483647;
			files = (
				67CB823622EADEE500223C18 /* BirdView.swift in Sources */,
				67CB821822EADDBD00223C18 /* ViewController.swift in Sources */,
				67CB821622EADDBC00223C18 /* AppDelegate.swift in Sources */,
			);
			runOnlyForDeploymentPostprocessing = 0;
		};
		67CB822222EADDBE00223C18 /* Sources */ = {
			isa = PBXSourcesBuildPhase;
			buildActionMask = 2147483647;
			files = (
				67CB822B22EADDBE00223C18 /* FlappyTests.swift in Sources */,
			);
			runOnlyForDeploymentPostprocessing = 0;
		};
/* End PBXSourcesBuildPhase section */

/* Begin PBXTargetDependency section */
		67CB822822EADDBE00223C18 /* PBXTargetDependency */ = {
			isa = PBXTargetDependency;
			target = 67CB821122EADDBC00223C18 /* Flappy */;
			targetProxy = 67CB822722EADDBE00223C18 /* PBXContainerItemProxy */;
		};
/* End PBXTargetDependency section */

/* Begin PBXVariantGroup section */
		67CB821922EADDBD00223C18 /* Main.storyboard */ = {
			isa = PBXVariantGroup;
			children = (
				67CB821A22EADDBD00223C18 /* Base */,
			);
			name = Main.storyboard;
			sourceTree = "<group>";
		};
		67CB821E22EADDBE00223C18 /* LaunchScreen.storyboard */ = {
			isa = PBXVariantGroup;
			children = (
				67CB821F22EADDBE00223C18 /* Base */,
			);
			name = LaunchScreen.storyboard;
			sourceTree = "<group>";
		};
/* End PBXVariantGroup section */

/* Begin XCBuildConfiguration section */
		67CB822D22EADDBE00223C18 /* Debug */ = {
			isa = XCBuildConfiguration;
			buildSettings = {
				ALWAYS_SEARCH_USER_PATHS = NO;
				CLANG_ANALYZER_NONNULL = YES;
				CLANG_ANALYZER_NUMBER_OBJECT_CONVERSION = YES_AGGRESSIVE;
				CLANG_CXX_LANGUAGE_STANDARD = "gnu++14";
				CLANG_CXX_LIBRARY = "libc++";
				CLANG_ENABLE_MODULES = YES;
				CLANG_ENABLE_OBJC_ARC = YES;
				CLANG_ENABLE_OBJC_WEAK = YES;
				CLANG_WARN_BLOCK_CAPTURE_AUTORELEASING = YES;
				CLANG_WARN_BOOL_CONVERSION = YES;
				CLANG_WARN_COMMA = YES;
				CLANG_WARN_CONSTANT_CONVERSION = YES;
				CLANG_WARN_DEPRECATED_OBJC_IMPLEMENTATIONS = YES;
				CLANG_WARN_DIRECT_OBJC_ISA_USAGE = YES_ERROR;
				CLANG_WARN_DOCUMENTATION_COMMENTS = YES;
				CLANG_WARN_EMPTY_BODY = YES;
				CLANG_WARN_ENUM_CONVERSION = YES;
				CLANG_WARN_INFINITE_RECURSION = YES;
				CLANG_WARN_INT_CONVERSION = YES;
				CLANG_WARN_NON_LITERAL_NULL_CONVERSION = YES;
				CLANG_WARN_OBJC_IMPLICIT_RETAIN_SELF = YES;
				CLANG_WARN_OBJC_LITERAL_CONVERSION = YES;
				CLANG_WARN_OBJC_ROOT_CLASS = YES_ERROR;
				CLANG_WARN_RANGE_LOOP_ANALYSIS = YES;
				CLANG_WARN_STRICT_PROTOTYPES = YES;
				CLANG_WARN_SUSPICIOUS_MOVE = YES;
				CLANG_WARN_UNGUARDED_AVAILABILITY = YES_AGGRESSIVE;
				CLANG_WARN_UNREACHABLE_CODE = YES;
				CLANG_WARN__DUPLICATE_METHOD_MATCH = YES;
				CODE_SIGN_IDENTITY = "iPhone Developer";
				COPY_PHASE_STRIP = NO;
				DEBUG_INFORMATION_FORMAT = dwarf;
				ENABLE_STRICT_OBJC_MSGSEND = YES;
				ENABLE_TESTABILITY = YES;
				GCC_C_LANGUAGE_STANDARD = gnu11;
				GCC_DYNAMIC_NO_PIC = NO;
				GCC_NO_COMMON_BLOCKS = YES;
				GCC_OPTIMIZATION_LEVEL = 0;
				GCC_PREPROCESSOR_DEFINITIONS = (
					"DEBUG=1",
					"$(inherited)",
				);
				GCC_WARN_64_TO_32_BIT_CONVERSION = YES;
				GCC_WARN_ABOUT_RETURN_TYPE = YES_ERROR;
				GCC_WARN_UNDECLARED_SELECTOR = YES;
				GCC_WARN_UNINITIALIZED_AUTOS = YES_AGGRESSIVE;
				GCC_WARN_UNUSED_FUNCTION = YES;
				GCC_WARN_UNUSED_VARIABLE = YES;
				IPHONEOS_DEPLOYMENT_TARGET = 12.4;
				MTL_ENABLE_DEBUG_INFO = INCLUDE_SOURCE;
				MTL_FAST_MATH = YES;
				ONLY_ACTIVE_ARCH = YES;
				SDKROOT = iphoneos;
				SWIFT_ACTIVE_COMPILATION_CONDITIONS = DEBUG;
				SWIFT_OPTIMIZATION_LEVEL = "-Onone";
			};
			name = Debug;
		};
		67CB822E22EADDBE00223C18 /* Release */ = {
			isa = XCBuildConfiguration;
			buildSettings = {
				ALWAYS_SEARCH_USER_PATHS = NO;
				CLANG_ANALYZER_NONNULL = YES;
				CLANG_ANALYZER_NUMBER_OBJECT_CONVERSION = YES_AGGRESSIVE;
				CLANG_CXX_LANGUAGE_STANDARD = "gnu++14";
				CLANG_CXX_LIBRARY = "libc++";
				CLANG_ENABLE_MODULES = YES;
				CLANG_ENABLE_OBJC_ARC = YES;
				CLANG_ENABLE_OBJC_WEAK = YES;
				CLANG_WARN_BLOCK_CAPTURE_AUTORELEASING = YES;
				CLANG_WARN_BOOL_CONVERSION = YES;
				CLANG_WARN_COMMA = YES;
				CLANG_WARN_CONSTANT_CONVERSION = YES;
				CLANG_WARN_DEPRECATED_OBJC_IMPLEMENTATIONS = YES;
				CLANG_WARN_DIRECT_OBJC_ISA_USAGE = YES_ERROR;
				CLANG_WARN_DOCUMENTATION_COMMENTS = YES;
				CLANG_WARN_EMPTY_BODY = YES;
				CLANG_WARN_ENUM_CONVERSION = YES;
				CLANG_WARN_INFINITE_RECURSION = YES;
				CLANG_WARN_INT_CONVERSION = YES;
				CLANG_WARN_NON_LITERAL_NULL_CONVERSION = YES;
				CLANG_WARN_OBJC_IMPLICIT_RETAIN_SELF = YES;
				CLANG_WARN_OBJC_LITERAL_CONVERSION = YES;
				CLANG_WARN_OBJC_ROOT_CLASS = YES_ERROR;
				CLANG_WARN_RANGE_LOOP_ANALYSIS = YES;
				CLANG_WARN_STRICT_PROTOTYPES = YES;
				CLANG_WARN_SUSPICIOUS_MOVE = YES;
				CLANG_WARN_UNGUARDED_AVAILABILITY = YES_AGGRESSIVE;
				CLANG_WARN_UNREACHABLE_CODE = YES;
				CLANG_WARN__DUPLICATE_METHOD_MATCH = YES;
				CODE_SIGN_IDENTITY = "iPhone Developer";
				COPY_PHASE_STRIP = NO;
				DEBUG_INFORMATION_FORMAT = "dwarf-with-dsym";
				ENABLE_NS_ASSERTIONS = NO;
				ENABLE_STRICT_OBJC_MSGSEND = YES;
				GCC_C_LANGUAGE_STANDARD = gnu11;
				GCC_NO_COMMON_BLOCKS = YES;
				GCC_WARN_64_TO_32_BIT_CONVERSION = YES;
				GCC_WARN_ABOUT_RETURN_TYPE = YES_ERROR;
				GCC_WARN_UNDECLARED_SELECTOR = YES;
				GCC_WARN_UNINITIALIZED_AUTOS = YES_AGGRESSIVE;
				GCC_WARN_UNUSED_FUNCTION = YES;
				GCC_WARN_UNUSED_VARIABLE = YES;
				IPHONEOS_DEPLOYMENT_TARGET = 12.4;
				MTL_ENABLE_DEBUG_INFO = NO;
				MTL_FAST_MATH = YES;
				SDKROOT = iphoneos;
				SWIFT_COMPILATION_MODE = wholemodule;
				SWIFT_OPTIMIZATION_LEVEL = "-O";
				VALIDATE_PRODUCT = YES;
			};
			name = Release;
		};
		67CB823022EADDBE00223C18 /* Debug */ = {
			isa = XCBuildConfiguration;
			buildSettings = {
				ASSETCATALOG_COMPILER_APPICON_NAME = AppIcon;
				CODE_SIGN_STYLE = Automatic;
				DEVELOPMENT_TEAM = 4939JTZRQZ;
				INFOPLIST_FILE = Flappy/Info.plist;
				LD_RUNPATH_SEARCH_PATHS = (
					"$(inherited)",
					"@executable_path/Frameworks",
				);
				PRODUCT_BUNDLE_IDENTIFIER = com.Flappy;
				PRODUCT_NAME = "$(TARGET_NAME)";
				SWIFT_VERSION = 5.0;
				TARGETED_DEVICE_FAMILY = "1,2";
			};
			name = Debug;
		};
		67CB823122EADDBE00223C18 /* Release */ = {
			isa = XCBuildConfiguration;
			buildSettings = {
				ASSETCATALOG_COMPILER_APPICON_NAME = AppIcon;
				CODE_SIGN_STYLE = Automatic;
				DEVELOPMENT_TEAM = 4939JTZRQZ;
				INFOPLIST_FILE = Flappy/Info.plist;
				LD_RUNPATH_SEARCH_PATHS = (
					"$(inherited)",
					"@executable_path/Frameworks",
				);
				PRODUCT_BUNDLE_IDENTIFIER = com.Flappy;
				PRODUCT_NAME = "$(TARGET_NAME)";
				SWIFT_VERSION = 5.0;
				TARGETED_DEVICE_FAMILY = "1,2";
			};
			name = Release;
		};
		67CB823322EADDBE00223C18 /* Debug */ = {
			isa = XCBuildConfiguration;
			buildSettings = {
				ALWAYS_EMBED_SWIFT_STANDARD_LIBRARIES = YES;
				BUNDLE_LOADER = "$(TEST_HOST)";
				CODE_SIGN_STYLE = Automatic;
				DEVELOPMENT_TEAM = 4939JTZRQZ;
				INFOPLIST_FILE = FlappyTests/Info.plist;
				LD_RUNPATH_SEARCH_PATHS = (
					"$(inherited)",
					"@executable_path/Frameworks",
					"@loader_path/Frameworks",
				);
				PRODUCT_BUNDLE_IDENTIFIER = com.FlappyTests;
				PRODUCT_NAME = "$(TARGET_NAME)";
				SWIFT_VERSION = 5.0;
				TARGETED_DEVICE_FAMILY = "1,2";
				TEST_HOST = "$(BUILT_PRODUCTS_DIR)/Flappy.app/Flappy";
			};
			name = Debug;
		};
		67CB823422EADDBE00223C18 /* Release */ = {
			isa = XCBuildConfiguration;
			buildSettings = {
				ALWAYS_EMBED_SWIFT_STANDARD_LIBRARIES = YES;
				BUNDLE_LOADER = "$(TEST_HOST)";
				CODE_SIGN_STYLE = Automatic;
				DEVELOPMENT_TEAM = 4939JTZRQZ;
				INFOPLIST_FILE = FlappyTests/Info.plist;
				LD_RUNPATH_SEARCH_PATHS = (
					"$(inherited)",
					"@executable_path/Frameworks",
					"@loader_path/Frameworks",
				);
				PRODUCT_BUNDLE_IDENTIFIER = com.FlappyTests;
				PRODUCT_NAME = "$(TARGET_NAME)";
				SWIFT_VERSION = 5.0;
				TARGETED_DEVICE_FAMILY = "1,2";
				TEST_HOST = "$(BUILT_PRODUCTS_DIR)/Flappy.app/Flappy";
			};
			name = Release;
		};
/* End XCBuildConfiguration section */

/* Begin XCConfigurationList section */
		67CB820D22EADDBC00223C18 /* Build configuration list for PBXProject "Flappy" */ = {
			isa = XCConfigurationList;
			buildConfigurations = (
				67CB822D22EADDBE00223C18 /* Debug */,
				67CB822E22EADDBE00223C18 /* Release */,
			);
			defaultConfigurationIsVisible = 0;
			defaultConfigurationName = Release;
		};
		67CB822F22EADDBE00223C18 /* Build configuration list for PBXNativeTarget "Flappy" */ = {
			isa = XCConfigurationList;
			buildConfigurations = (
				67CB823022EADDBE00223C18 /* Debug */,
				67CB823122EADDBE00223C18 /* Release */,
			);
			defaultConfigurationIsVisible = 0;
			defaultConfigurationName = Release;
		};
		67CB823222EADDBE00223C18 /* Build configuration list for PBXNativeTarget "FlappyTests" */ = {
			isa = XCConfigurationList;
			buildConfigurations = (
				67CB823322EADDBE00223C18 /* Debug */,
				67CB823422EADDBE00223C18 /* Release */,
			);
			defaultConfigurationIsVisible = 0;
			defaultConfigurationName = Release;
		};
/* End XCConfigurationList section */
	};
	rootObject = 67CB820A22EADDBC00223C18 /* Project object */;
}
