// !$*UTF8*$!
{
	archiveVersion = 1;
	classes = {
	};
	objectVersion = 50;
	objects = {

/* Begin PBXBuildFile section */
		6761028722F185F4003C9CE0 /* AppDelegate.swift in Sources */ = {isa = PBXBuildFile; fileRef = 6761028622F185F4003C9CE0 /* AppDelegate.swift */; };
		6761028922F185F4003C9CE0 /* ViewController.swift in Sources */ = {isa = PBXBuildFile; fileRef = 6761028822F185F4003C9CE0 /* ViewController.swift */; };
		6761028C22F185F4003C9CE0 /* Main.storyboard in Resources */ = {isa = PBXBuildFile; fileRef = 6761028A22F185F4003C9CE0 /* Main.storyboard */; };
		6761028E22F185F6003C9CE0 /* Assets.xcassets in Resources */ = {isa = PBXBuildFile; fileRef = 6761028D22F185F6003C9CE0 /* Assets.xcassets */; };
		6761029122F185F6003C9CE0 /* LaunchScreen.storyboard in Resources */ = {isa = PBXBuildFile; fileRef = 6761028F22F185F6003C9CE0 /* LaunchScreen.storyboard */; };
		6761029C22F185F6003C9CE0 /* Project_1__Music_PlayerTests.swift in Sources */ = {isa = PBXBuildFile; fileRef = 6761029B22F185F6003C9CE0 /* Project_1__Music_PlayerTests.swift */; };
/* End PBXBuildFile section */

/* Begin PBXContainerItemProxy section */
		6761029822F185F6003C9CE0 /* PBXContainerItemProxy */ = {
			isa = PBXContainerItemProxy;
			containerPortal = 6761027B22F185F4003C9CE0 /* Project object */;
			proxyType = 1;
			remoteGlobalIDString = 6761028222F185F4003C9CE0;
			remoteInfo = "Project 1: Music Player";
		};
/* End PBXContainerItemProxy section */

/* Begin PBXFileReference section */
		6761028322F185F4003C9CE0 /* Project 1: Music Player.app */ = {isa = PBXFileReference; explicitFileType = wrapper.application; includeInIndex = 0; path = "Project 1: Music Player.app"; sourceTree = BUILT_PRODUCTS_DIR; };
		6761028622F185F4003C9CE0 /* AppDelegate.swift */ = {isa = PBXFileReference; lastKnownFileType = sourcecode.swift; path = AppDelegate.swift; sourceTree = "<group>"; };
		6761028822F185F4003C9CE0 /* ViewController.swift */ = {isa = PBXFileReference; lastKnownFileType = sourcecode.swift; path = ViewController.swift; sourceTree = "<group>"; };
		6761028B22F185F4003C9CE0 /* Base */ = {isa = PBXFileReference; lastKnownFileType = file.storyboard; name = Base; path = Base.lproj/Main.storyboard; sourceTree = "<group>"; };
		6761028D22F185F6003C9CE0 /* Assets.xcassets */ = {isa = PBXFileReference; lastKnownFileType = folder.assetcatalog; path = Assets.xcassets; sourceTree = "<group>"; };
		6761029022F185F6003C9CE0 /* Base */ = {isa = PBXFileReference; lastKnownFileType = file.storyboard; name = Base; path = Base.lproj/LaunchScreen.storyboard; sourceTree = "<group>"; };
		6761029222F185F6003C9CE0 /* Info.plist */ = {isa = PBXFileReference; lastKnownFileType = text.plist.xml; path = Info.plist; sourceTree = "<group>"; };
		6761029722F185F6003C9CE0 /* Project 1: Music PlayerTests.xctest */ = {isa = PBXFileReference; explicitFileType = wrapper.cfbundle; includeInIndex = 0; path = "Project 1: Music PlayerTests.xctest"; sourceTree = BUILT_PRODUCTS_DIR; };
		6761029B22F185F6003C9CE0 /* Project_1__Music_PlayerTests.swift */ = {isa = PBXFileReference; lastKnownFileType = sourcecode.swift; path = Project_1__Music_PlayerTests.swift; sourceTree = "<group>"; };
		6761029D22F185F6003C9CE0 /* Info.plist */ = {isa = PBXFileReference; lastKnownFileType = text.plist.xml; path = Info.plist; sourceTree = "<group>"; };
/* End PBXFileReference section */

/* Begin PBXFrameworksBuildPhase section */
		6761028022F185F4003C9CE0 /* Frameworks */ = {
			isa = PBXFrameworksBuildPhase;
			buildActionMask = 2147483647;
			files = (
			);
			runOnlyForDeploymentPostprocessing = 0;
		};
		6761029422F185F6003C9CE0 /* Frameworks */ = {
			isa = PBXFrameworksBuildPhase;
			buildActionMask = 2147483647;
			files = (
			);
			runOnlyForDeploymentPostprocessing = 0;
		};
/* End PBXFrameworksBuildPhase section */

/* Begin PBXGroup section */
		6761027A22F185F4003C9CE0 = {
			isa = PBXGroup;
			children = (
				6761028522F185F4003C9CE0 /* Project 1: Music Player */,
				6761029A22F185F6003C9CE0 /* Project 1: Music PlayerTests */,
				6761028422F185F4003C9CE0 /* Products */,
			);
			sourceTree = "<group>";
		};
		6761028422F185F4003C9CE0 /* Products */ = {
			isa = PBXGroup;
			children = (
				6761028322F185F4003C9CE0 /* Project 1: Music Player.app */,
				6761029722F185F6003C9CE0 /* Project 1: Music PlayerTests.xctest */,
			);
			name = Products;
			sourceTree = "<group>";
		};
		6761028522F185F4003C9CE0 /* Project 1: Music Player */ = {
			isa = PBXGroup;
			children = (
				6761028622F185F4003C9CE0 /* AppDelegate.swift */,
				6761028822F185F4003C9CE0 /* ViewController.swift */,
				6761028A22F185F4003C9CE0 /* Main.storyboard */,
				6761028D22F185F6003C9CE0 /* Assets.xcassets */,
				6761028F22F185F6003C9CE0 /* LaunchScreen.storyboard */,
				6761029222F185F6003C9CE0 /* Info.plist */,
			);
			path = "Project 1: Music Player";
			sourceTree = "<group>";
		};
		6761029A22F185F6003C9CE0 /* Project 1: Music PlayerTests */ = {
			isa = PBXGroup;
			children = (
				6761029B22F185F6003C9CE0 /* Project_1__Music_PlayerTests.swift */,
				6761029D22F185F6003C9CE0 /* Info.plist */,
			);
			path = "Project 1: Music PlayerTests";
			sourceTree = "<group>";
		};
/* End PBXGroup section */

/* Begin PBXNativeTarget section */
		6761028222F185F4003C9CE0 /* Project 1: Music Player */ = {
			isa = PBXNativeTarget;
			buildConfigurationList = 676102A022F185F6003C9CE0 /* Build configuration list for PBXNativeTarget "Project 1: Music Player" */;
			buildPhases = (
				6761027F22F185F4003C9CE0 /* Sources */,
				6761028022F185F4003C9CE0 /* Frameworks */,
				6761028122F185F4003C9CE0 /* Resources */,
			);
			buildRules = (
			);
			dependencies = (
			);
			name = "Project 1: Music Player";
			productName = "Project 1: Music Player";
			productReference = 6761028322F185F4003C9CE0 /* Project 1: Music Player.app */;
			productType = "com.apple.product-type.application";
		};
		6761029622F185F6003C9CE0 /* Project 1: Music PlayerTests */ = {
			isa = PBXNativeTarget;
			buildConfigurationList = 676102A322F185F6003C9CE0 /* Build configuration list for PBXNativeTarget "Project 1: Music PlayerTests" */;
			buildPhases = (
				6761029322F185F6003C9CE0 /* Sources */,
				6761029422F185F6003C9CE0 /* Frameworks */,
				6761029522F185F6003C9CE0 /* Resources */,
			);
			buildRules = (
			);
			dependencies = (
				6761029922F185F6003C9CE0 /* PBXTargetDependency */,
			);
			name = "Project 1: Music PlayerTests";
			productName = "Project 1: Music PlayerTests";
			productReference = 6761029722F185F6003C9CE0 /* Project 1: Music PlayerTests.xctest */;
			productType = "com.apple.product-type.bundle.unit-test";
		};
/* End PBXNativeTarget section */

/* Begin PBXProject section */
		6761027B22F185F4003C9CE0 /* Project object */ = {
			isa = PBXProject;
			attributes = {
				LastSwiftUpdateCheck = 1030;
				LastUpgradeCheck = 1030;
				ORGANIZATIONNAME = "Chang Chan Woo";
				TargetAttributes = {
					6761028222F185F4003C9CE0 = {
						CreatedOnToolsVersion = 10.3;
					};
					6761029622F185F6003C9CE0 = {
						CreatedOnToolsVersion = 10.3;
						TestTargetID = 6761028222F185F4003C9CE0;
					};
				};
			};
			buildConfigurationList = 6761027E22F185F4003C9CE0 /* Build configuration list for PBXProject "Project 1: Music Player" */;
			compatibilityVersion = "Xcode 9.3";
			developmentRegion = en;
			hasScannedForEncodings = 0;
			knownRegions = (
				en,
				Base,
			);
			mainGroup = 6761027A22F185F4003C9CE0;
			productRefGroup = 6761028422F185F4003C9CE0 /* Products */;
			projectDirPath = "";
			projectRoot = "";
			targets = (
				6761028222F185F4003C9CE0 /* Project 1: Music Player */,
				6761029622F185F6003C9CE0 /* Project 1: Music PlayerTests */,
			);
		};
/* End PBXProject section */

/* Begin PBXResourcesBuildPhase section */
		6761028122F185F4003C9CE0 /* Resources */ = {
			isa = PBXResourcesBuildPhase;
			buildActionMask = 2147483647;
			files = (
				6761029122F185F6003C9CE0 /* LaunchScreen.storyboard in Resources */,
				6761028E22F185F6003C9CE0 /* Assets.xcassets in Resources */,
				6761028C22F185F4003C9CE0 /* Main.storyboard in Resources */,
			);
			runOnlyForDeploymentPostprocessing = 0;
		};
		6761029522F185F6003C9CE0 /* Resources */ = {
			isa = PBXResourcesBuildPhase;
			buildActionMask = 2147483647;
			files = (
			);
			runOnlyForDeploymentPostprocessing = 0;
		};
/* End PBXResourcesBuildPhase section */

/* Begin PBXSourcesBuildPhase section */
		6761027F22F185F4003C9CE0 /* Sources */ = {
			isa = PBXSourcesBuildPhase;
			buildActionMask = 2147483647;
			files = (
				6761028922F185F4003C9CE0 /* ViewController.swift in Sources */,
				6761028722F185F4003C9CE0 /* AppDelegate.swift in Sources */,
			);
			runOnlyForDeploymentPostprocessing = 0;
		};
		6761029322F185F6003C9CE0 /* Sources */ = {
			isa = PBXSourcesBuildPhase;
			buildActionMask = 2147483647;
			files = (
				6761029C22F185F6003C9CE0 /* Project_1__Music_PlayerTests.swift in Sources */,
			);
			runOnlyForDeploymentPostprocessing = 0;
		};
/* End PBXSourcesBuildPhase section */

/* Begin PBXTargetDependency section */
		6761029922F185F6003C9CE0 /* PBXTargetDependency */ = {
			isa = PBXTargetDependency;
			target = 6761028222F185F4003C9CE0 /* Project 1: Music Player */;
			targetProxy = 6761029822F185F6003C9CE0 /* PBXContainerItemProxy */;
		};
/* End PBXTargetDependency section */

/* Begin PBXVariantGroup section */
		6761028A22F185F4003C9CE0 /* Main.storyboard */ = {
			isa = PBXVariantGroup;
			children = (
				6761028B22F185F4003C9CE0 /* Base */,
			);
			name = Main.storyboard;
			sourceTree = "<group>";
		};
		6761028F22F185F6003C9CE0 /* LaunchScreen.storyboard */ = {
			isa = PBXVariantGroup;
			children = (
				6761029022F185F6003C9CE0 /* Base */,
			);
			name = LaunchScreen.storyboard;
			sourceTree = "<group>";
		};
/* End PBXVariantGroup section */

/* Begin XCBuildConfiguration section */
		6761029E22F185F6003C9CE0 /* Debug */ = {
			isa = XCBuildConfiguration;
			buildSettings = {
				ALWAYS_SEARCH_USER_PATHS = NO;
				CLANG_ANALYZER_NONNULL = YES;
				CLANG_ANALYZER_NUMBER_OBJECT_CONVERSION = YES_AGGRESSIVE;
				CLANG_CXX_LANGUAGE_STANDARD = "gnu++14";
				CLANG_CXX_LIBRARY = "libc++";
				CLANG_ENABLE_MODULES = YES;
				CLANG_ENABLE_OBJC_ARC = YES;
				CLANG_ENABLE_OBJC_WEAK = YES;
				CLANG_WARN_BLOCK_CAPTURE_AUTORELEASING = YES;
				CLANG_WARN_BOOL_CONVERSION = YES;
				CLANG_WARN_COMMA = YES;
				CLANG_WARN_CONSTANT_CONVERSION = YES;
				CLANG_WARN_DEPRECATED_OBJC_IMPLEMENTATIONS = YES;
				CLANG_WARN_DIRECT_OBJC_ISA_USAGE = YES_ERROR;
				CLANG_WARN_DOCUMENTATION_COMMENTS = YES;
				CLANG_WARN_EMPTY_BODY = YES;
				CLANG_WARN_ENUM_CONVERSION = YES;
				CLANG_WARN_INFINITE_RECURSION = YES;
				CLANG_WARN_INT_CONVERSION = YES;
				CLANG_WARN_NON_LITERAL_NULL_CONVERSION = YES;
				CLANG_WARN_OBJC_IMPLICIT_RETAIN_SELF = YES;
				CLANG_WARN_OBJC_LITERAL_CONVERSION = YES;
				CLANG_WARN_OBJC_ROOT_CLASS = YES_ERROR;
				CLANG_WARN_RANGE_LOOP_ANALYSIS = YES;
				CLANG_WARN_STRICT_PROTOTYPES = YES;
				CLANG_WARN_SUSPICIOUS_MOVE = YES;
				CLANG_WARN_UNGUARDED_AVAILABILITY = YES_AGGRESSIVE;
				CLANG_WARN_UNREACHABLE_CODE = YES;
				CLANG_WARN__DUPLICATE_METHOD_MATCH = YES;
				CODE_SIGN_IDENTITY = "iPhone Developer";
				COPY_PHASE_STRIP = NO;
				DEBUG_INFORMATION_FORMAT = dwarf;
				ENABLE_STRICT_OBJC_MSGSEND = YES;
				ENABLE_TESTABILITY = YES;
				GCC_C_LANGUAGE_STANDARD = gnu11;
				GCC_DYNAMIC_NO_PIC = NO;
				GCC_NO_COMMON_BLOCKS = YES;
				GCC_OPTIMIZATION_LEVEL = 0;
				GCC_PREPROCESSOR_DEFINITIONS = (
					"DEBUG=1",
					"$(inherited)",
				);
				GCC_WARN_64_TO_32_BIT_CONVERSION = YES;
				GCC_WARN_ABOUT_RETURN_TYPE = YES_ERROR;
				GCC_WARN_UNDECLARED_SELECTOR = YES;
				GCC_WARN_UNINITIALIZED_AUTOS = YES_AGGRESSIVE;
				GCC_WARN_UNUSED_FUNCTION = YES;
				GCC_WARN_UNUSED_VARIABLE = YES;
				IPHONEOS_DEPLOYMENT_TARGET = 12.4;
				MTL_ENABLE_DEBUG_INFO = INCLUDE_SOURCE;
				MTL_FAST_MATH = YES;
				ONLY_ACTIVE_ARCH = YES;
				SDKROOT = iphoneos;
				SWIFT_ACTIVE_COMPILATION_CONDITIONS = DEBUG;
				SWIFT_OPTIMIZATION_LEVEL = "-Onone";
			};
			name = Debug;
		};
		6761029F22F185F6003C9CE0 /* Release */ = {
			isa = XCBuildConfiguration;
			buildSettings = {
				ALWAYS_SEARCH_USER_PATHS = NO;
				CLANG_ANALYZER_NONNULL = YES;
				CLANG_ANALYZER_NUMBER_OBJECT_CONVERSION = YES_AGGRESSIVE;
				CLANG_CXX_LANGUAGE_STANDARD = "gnu++14";
				CLANG_CXX_LIBRARY = "libc++";
				CLANG_ENABLE_MODULES = YES;
				CLANG_ENABLE_OBJC_ARC = YES;
				CLANG_ENABLE_OBJC_WEAK = YES;
				CLANG_WARN_BLOCK_CAPTURE_AUTORELEASING = YES;
				CLANG_WARN_BOOL_CONVERSION = YES;
				CLANG_WARN_COMMA = YES;
				CLANG_WARN_CONSTANT_CONVERSION = YES;
				CLANG_WARN_DEPRECATED_OBJC_IMPLEMENTATIONS = YES;
				CLANG_WARN_DIRECT_OBJC_ISA_USAGE = YES_ERROR;
				CLANG_WARN_DOCUMENTATION_COMMENTS = YES;
				CLANG_WARN_EMPTY_BODY = YES;
				CLANG_WARN_ENUM_CONVERSION = YES;
				CLANG_WARN_INFINITE_RECURSION = YES;
				CLANG_WARN_INT_CONVERSION = YES;
				CLANG_WARN_NON_LITERAL_NULL_CONVERSION = YES;
				CLANG_WARN_OBJC_IMPLICIT_RETAIN_SELF = YES;
				CLANG_WARN_OBJC_LITERAL_CONVERSION = YES;
				CLANG_WARN_OBJC_ROOT_CLASS = YES_ERROR;
				CLANG_WARN_RANGE_LOOP_ANALYSIS = YES;
				CLANG_WARN_STRICT_PROTOTYPES = YES;
				CLANG_WARN_SUSPICIOUS_MOVE = YES;
				CLANG_WARN_UNGUARDED_AVAILABILITY = YES_AGGRESSIVE;
				CLANG_WARN_UNREACHABLE_CODE = YES;
				CLANG_WARN__DUPLICATE_METHOD_MATCH = YES;
				CODE_SIGN_IDENTITY = "iPhone Developer";
				COPY_PHASE_STRIP = NO;
				DEBUG_INFORMATION_FORMAT = "dwarf-with-dsym";
				ENABLE_NS_ASSERTIONS = NO;
				ENABLE_STRICT_OBJC_MSGSEND = YES;
				GCC_C_LANGUAGE_STANDARD = gnu11;
				GCC_NO_COMMON_BLOCKS = YES;
				GCC_WARN_64_TO_32_BIT_CONVERSION = YES;
				GCC_WARN_ABOUT_RETURN_TYPE = YES_ERROR;
				GCC_WARN_UNDECLARED_SELECTOR = YES;
				GCC_WARN_UNINITIALIZED_AUTOS = YES_AGGRESSIVE;
				GCC_WARN_UNUSED_FUNCTION = YES;
				GCC_WARN_UNUSED_VARIABLE = YES;
				IPHONEOS_DEPLOYMENT_TARGET = 12.4;
				MTL_ENABLE_DEBUG_INFO = NO;
				MTL_FAST_MATH = YES;
				SDKROOT = iphoneos;
				SWIFT_COMPILATION_MODE = wholemodule;
				SWIFT_OPTIMIZATION_LEVEL = "-O";
				VALIDATE_PRODUCT = YES;
			};
			name = Release;
		};
		676102A122F185F6003C9CE0 /* Debug */ = {
			isa = XCBuildConfiguration;
			buildSettings = {
				ASSETCATALOG_COMPILER_APPICON_NAME = AppIcon;
				CODE_SIGN_STYLE = Automatic;
				DEVELOPMENT_TEAM = 4939JTZRQZ;
				INFOPLIST_FILE = "Project 1: Music Player/Info.plist";
				LD_RUNPATH_SEARCH_PATHS = (
					"$(inherited)",
					"@executable_path/Frameworks",
				);
				PRODUCT_BUNDLE_IDENTIFIER = "com.Project-1--Music-Player";
				PRODUCT_NAME = "$(TARGET_NAME)";
				SWIFT_VERSION = 5.0;
				TARGETED_DEVICE_FAMILY = "1,2";
			};
			name = Debug;
		};
		676102A222F185F6003C9CE0 /* Release */ = {
			isa = XCBuildConfiguration;
			buildSettings = {
				ASSETCATALOG_COMPILER_APPICON_NAME = AppIcon;
				CODE_SIGN_STYLE = Automatic;
				DEVELOPMENT_TEAM = 4939JTZRQZ;
				INFOPLIST_FILE = "Project 1: Music Player/Info.plist";
				LD_RUNPATH_SEARCH_PATHS = (
					"$(inherited)",
					"@executable_path/Frameworks",
				);
				PRODUCT_BUNDLE_IDENTIFIER = "com.Project-1--Music-Player";
				PRODUCT_NAME = "$(TARGET_NAME)";
				SWIFT_VERSION = 5.0;
				TARGETED_DEVICE_FAMILY = "1,2";
			};
			name = Release;
		};
		676102A422F185F6003C9CE0 /* Debug */ = {
			isa = XCBuildConfiguration;
			buildSettings = {
				ALWAYS_EMBED_SWIFT_STANDARD_LIBRARIES = YES;
				BUNDLE_LOADER = "$(TEST_HOST)";
				CODE_SIGN_STYLE = Automatic;
				DEVELOPMENT_TEAM = 4939JTZRQZ;
				INFOPLIST_FILE = "Project 1: Music PlayerTests/Info.plist";
				LD_RUNPATH_SEARCH_PATHS = (
					"$(inherited)",
					"@executable_path/Frameworks",
					"@loader_path/Frameworks",
				);
				PRODUCT_BUNDLE_IDENTIFIER = "com.Project-1--Music-PlayerTests";
				PRODUCT_NAME = "$(TARGET_NAME)";
				SWIFT_VERSION = 5.0;
				TARGETED_DEVICE_FAMILY = "1,2";
				TEST_HOST = "$(BUILT_PRODUCTS_DIR)/Project 1: Music Player.app/Project 1: Music Player";
			};
			name = Debug;
		};
		676102A522F185F6003C9CE0 /* Release */ = {
			isa = XCBuildConfiguration;
			buildSettings = {
				ALWAYS_EMBED_SWIFT_STANDARD_LIBRARIES = YES;
				BUNDLE_LOADER = "$(TEST_HOST)";
				CODE_SIGN_STYLE = Automatic;
				DEVELOPMENT_TEAM = 4939JTZRQZ;
				INFOPLIST_FILE = "Project 1: Music PlayerTests/Info.plist";
				LD_RUNPATH_SEARCH_PATHS = (
					"$(inherited)",
					"@executable_path/Frameworks",
					"@loader_path/Frameworks",
				);
				PRODUCT_BUNDLE_IDENTIFIER = "com.Project-1--Music-PlayerTests";
				PRODUCT_NAME = "$(TARGET_NAME)";
				SWIFT_VERSION = 5.0;
				TARGETED_DEVICE_FAMILY = "1,2";
				TEST_HOST = "$(BUILT_PRODUCTS_DIR)/Project 1: Music Player.app/Project 1: Music Player";
			};
			name = Release;
		};
/* End XCBuildConfiguration section */

/* Begin XCConfigurationList section */
		6761027E22F185F4003C9CE0 /* Build configuration list for PBXProject "Project 1: Music Player" */ = {
			isa = XCConfigurationList;
			buildConfigurations = (
				6761029E22F185F6003C9CE0 /* Debug */,
				6761029F22F185F6003C9CE0 /* Release */,
			);
			defaultConfigurationIsVisible = 0;
			defaultConfigurationName = Release;
		};
		676102A022F185F6003C9CE0 /* Build configuration list for PBXNativeTarget "Project 1: Music Player" */ = {
			isa = XCConfigurationList;
			buildConfigurations = (
				676102A122F185F6003C9CE0 /* Debug */,
				676102A222F185F6003C9CE0 /* Release */,
			);
			defaultConfigurationIsVisible = 0;
			defaultConfigurationName = Release;
		};
		676102A322F185F6003C9CE0 /* Build configuration list for PBXNativeTarget "Project 1: Music PlayerTests" */ = {
			isa = XCConfigurationList;
			buildConfigurations = (
				676102A422F185F6003C9CE0 /* Debug */,
				676102A522F185F6003C9CE0 /* Release */,
			);
			defaultConfigurationIsVisible = 0;
			defaultConfigurationName = Release;
		};
/* End XCConfigurationList section */
	};
	rootObject = 6761027B22F185F4003C9CE0 /* Project object */;
}
